dependencies:
- name: piraeus
  repository: oci://ghcr.io/piraeusdatastore/piraeus-operator
  version: 2.10.5
- name: linstor-cluster
  repository: oci://ghcr.io/piraeusdatastore/helm-charts
  version: 1.1.1
digest: sha256:6f5d964c5c9930f08c634b45c9bc8c4029b6e51e226bba6f6b59d651e12297f8
generated: "2026-03-10T17:06:38.193404334Z"
